{
  "name": "sam-video-to-sticker-pack",
  "version": "0.1.0",
  "lockfileVersion": 3,
  "requires": true,
  "packages": {
    "": {
      "name": "sam-video-to-sticker-pack",
      "version": "0.1.0",
      "dependencies": {
        "@meta-sam/parser": "^0.0.10"
      },
      "engines": {
        "node": "^20.17.0 || >=22.9.0"
      }
    },
    "node_modules/@meta-sam/parser": {
      "version": "0.0.10",
      "resolved": "https://registry.npmjs.org/@meta-sam/parser/-/parser-0.0.10.tgz",
      "integrity": "sha512-+NvCzMWYEGpuKwOWoMDr9MdYBv/H4wavCTiCwHgiSH58AfTdDBH+uGDRufswUNcMSa6D2ssQ7n+WDsBrlFoPcA==",
      "license": "SEE LICENSE IN LICENSE",
      "engines": {
        "node": "^20.17.0 || >=22.9.0"
      }
    }
  }
}
